// !$*UTF8*$!
{
	archiveVersion = 1;
	classes = {
	};
	objectVersion = 50;
	objects = {

/* Begin PBXBuildFile section */
		49AB605D23696C4B00D48F37 /* AppDelegate.swift in Sources */ = {isa = PBXBuildFile; fileRef = 49AB605C23696C4B00D48F37 /* AppDelegate.swift */; };
		49AB605F23696C4B00D48F37 /* ViewController.swift in Sources */ = {isa = PBXBuildFile; fileRef = 49AB605E23696C4B00D48F37 /* ViewController.swift */; };
		49AB606223696C4B00D48F37 /* Main.storyboard in Resources */ = {isa = PBXBuildFile; fileRef = 49AB606023696C4B00D48F37 /* Main.storyboard */; };
		49AB606423696C4D00D48F37 /* Assets.xcassets in Resources */ = {isa = PBXBuildFile; fileRef = 49AB606323696C4D00D48F37 /* Assets.xcassets */; };
		49AB606723696C4D00D48F37 /* LaunchScreen.storyboard in Resources */ = {isa = PBXBuildFile; fileRef = 49AB606523696C4D00D48F37 /* LaunchScreen.storyboard */; };
		49AB607223696C4D00D48F37 /* ConstraintLayoutTests.swift in Sources */ = {isa = PBXBuildFile; fileRef = 49AB607123696C4D00D48F37 /* ConstraintLayoutTests.swift */; };
		49AB607D23696C4D00D48F37 /* ConstraintLayoutUITests.swift in Sources */ = {isa = PBXBuildFile; fileRef = 49AB607C23696C4D00D48F37 /* ConstraintLayoutUITests.swift */; };
/* End PBXBuildFile section */

/* Begin PBXContainerItemProxy section */
		49AB606E23696C4D00D48F37 /* PBXContainerItemProxy */ = {
			isa = PBXContainerItemProxy;
			containerPortal = 49AB605123696C4B00D48F37 /* Project object */;
			proxyType = 1;
			remoteGlobalIDString = 49AB605823696C4B00D48F37;
			remoteInfo = ConstraintLayout;
		};
		49AB607923696C4D00D48F37 /* PBXContainerItemProxy */ = {
			isa = PBXContainerItemProxy;
			containerPortal = 49AB605123696C4B00D48F37 /* Project object */;
			proxyType = 1;
			remoteGlobalIDString = 49AB605823696C4B00D48F37;
			remoteInfo = ConstraintLayout;
		};
/* End PBXContainerItemProxy section */

/* Begin PBXFileReference section */
		49AB605923696C4B00D48F37 /* ConstraintLayout.app */ = {isa = PBXFileReference; explicitFileType = wrapper.application; includeInIndex = 0; path = ConstraintLayout.app; sourceTree = BUILT_PRODUCTS_DIR; };
		49AB605C23696C4B00D48F37 /* AppDelegate.swift */ = {isa = PBXFileReference; lastKnownFileType = sourcecode.swift; path = AppDelegate.swift; sourceTree = "<group>"; };
		49AB605E23696C4B00D48F37 /* ViewController.swift */ = {isa = PBXFileReference; lastKnownFileType = sourcecode.swift; path = ViewController.swift; sourceTree = "<group>"; };
		49AB606123696C4B00D48F37 /* Base */ = {isa = PBXFileReference; lastKnownFileType = file.storyboard; name = Base; path = Base.lproj/Main.storyboard; sourceTree = "<group>"; };
		49AB606323696C4D00D48F37 /* Assets.xcassets */ = {isa = PBXFileReference; lastKnownFileType = folder.assetcatalog; path = Assets.xcassets; sourceTree = "<group>"; };
		49AB606623696C4D00D48F37 /* Base */ = {isa = PBXFileReference; lastKnownFileType = file.storyboard; name = Base; path = Base.lproj/LaunchScreen.storyboard; sourceTree = "<group>"; };
		49AB606823696C4D00D48F37 /* Info.plist */ = {isa = PBXFileReference; lastKnownFileType = text.plist.xml; path = Info.plist; sourceTree = "<group>"; };
		49AB606D23696C4D00D48F37 /* ConstraintLayoutTests.xctest */ = {isa = PBXFileReference; explicitFileType = wrapper.cfbundle; includeInIndex = 0; path = ConstraintLayoutTests.xctest; sourceTree = BUILT_PRODUCTS_DIR; };
		49AB607123696C4D00D48F37 /* ConstraintLayoutTests.swift */ = {isa = PBXFileReference; lastKnownFileType = sourcecode.swift; path = ConstraintLayoutTests.swift; sourceTree = "<group>"; };
		49AB607323696C4D00D48F37 /* Info.plist */ = {isa = PBXFileReference; lastKnownFileType = text.plist.xml; path = Info.plist; sourceTree = "<group>"; };
		49AB607823696C4D00D48F37 /* ConstraintLayoutUITests.xctest */ = {isa = PBXFileReference; explicitFileType = wrapper.cfbundle; includeInIndex = 0; path = ConstraintLayoutUITests.xctest; sourceTree = BUILT_PRODUCTS_DIR; };
		49AB607C23696C4D00D48F37 /* ConstraintLayoutUITests.swift */ = {isa = PBXFileReference; lastKnownFileType = sourcecode.swift; path = ConstraintLayoutUITests.swift; sourceTree = "<group>"; };
		49AB607E23696C4D00D48F37 /* Info.plist */ = {isa = PBXFileReference; lastKnownFileType = text.plist.xml; path = Info.plist; sourceTree = "<group>"; };
/* End PBXFileReference section */

/* Begin PBXFrameworksBuildPhase section */
		49AB605623696C4B00D48F37 /* Frameworks */ = {
			isa = PBXFrameworksBuildPhase;
			buildActionMask = 2147483647;
			files = (
			);
			runOnlyForDeploymentPostprocessing = 0;
		};
		49AB606A23696C4D00D48F37 /* Frameworks */ = {
			isa = PBXFrameworksBuildPhase;
			buildActionMask = 2147483647;
			files = (
			);
			runOnlyForDeploymentPostprocessing = 0;
		};
		49AB607523696C4D00D48F37 /* Frameworks */ = {
			isa = PBXFrameworksBuildPhase;
			buildActionMask = 2147483647;
			files = (
			);
			runOnlyForDeploymentPostprocessing = 0;
		};
/* End PBXFrameworksBuildPhase section */

/* Begin PBXGroup section */
		49AB605023696C4B00D48F37 = {
			isa = PBXGroup;
			children = (
				49AB605B23696C4B00D48F37 /* ConstraintLayout */,
				49AB607023696C4D00D48F37 /* ConstraintLayoutTests */,
				49AB607B23696C4D00D48F37 /* ConstraintLayoutUITests */,
				49AB605A23696C4B00D48F37 /* Products */,
			);
			sourceTree = "<group>";
		};
		49AB605A23696C4B00D48F37 /* Products */ = {
			isa = PBXGroup;
			children = (
				49AB605923696C4B00D48F37 /* ConstraintLayout.app */,
				49AB606D23696C4D00D48F37 /* ConstraintLayoutTests.xctest */,
				49AB607823696C4D00D48F37 /* ConstraintLayoutUITests.xctest */,
			);
			name = Products;
			sourceTree = "<group>";
		};
		49AB605B23696C4B00D48F37 /* ConstraintLayout */ = {
			isa = PBXGroup;
			children = (
				49AB605C23696C4B00D48F37 /* AppDelegate.swift */,
				49AB605E23696C4B00D48F37 /* ViewController.swift */,
				49AB606023696C4B00D48F37 /* Main.storyboard */,
				49AB606323696C4D00D48F37 /* Assets.xcassets */,
				49AB606523696C4D00D48F37 /* LaunchScreen.storyboard */,
				49AB606823696C4D00D48F37 /* Info.plist */,
			);
			path = ConstraintLayout;
			sourceTree = "<group>";
		};
		49AB607023696C4D00D48F37 /* ConstraintLayoutTests */ = {
			isa = PBXGroup;
			children = (
				49AB607123696C4D00D48F37 /* ConstraintLayoutTests.swift */,
				49AB607323696C4D00D48F37 /* Info.plist */,
			);
			path = ConstraintLayoutTests;
			sourceTree = "<group>";
		};
		49AB607B23696C4D00D48F37 /* ConstraintLayoutUITests */ = {
			isa = PBXGroup;
			children = (
				49AB607C23696C4D00D48F37 /* ConstraintLayoutUITests.swift */,
				49AB607E23696C4D00D48F37 /* Info.plist */,
			);
			path = ConstraintLayoutUITests;
			sourceTree = "<group>";
		};
/* End PBXGroup section */

/* Begin PBXNativeTarget section */
		49AB605823696C4B00D48F37 /* ConstraintLayout */ = {
			isa = PBXNativeTarget;
			buildConfigurationList = 49AB608123696C4D00D48F37 /* Build configuration list for PBXNativeTarget "ConstraintLayout" */;
			buildPhases = (
				49AB605523696C4B00D48F37 /* Sources */,
				49AB605623696C4B00D48F37 /* Frameworks */,
				49AB605723696C4B00D48F37 /* Resources */,
			);
			buildRules = (
			);
			dependencies = (
			);
			name = ConstraintLayout;
			productName = ConstraintLayout;
			productReference = 49AB605923696C4B00D48F37 /* ConstraintLayout.app */;
			productType = "com.apple.product-type.application";
		};
		49AB606C23696C4D00D48F37 /* ConstraintLayoutTests */ = {
			isa = PBXNativeTarget;
			buildConfigurationList = 49AB608423696C4D00D48F37 /* Build configuration list for PBXNativeTarget "ConstraintLayoutTests" */;
			buildPhases = (
				49AB606923696C4D00D48F37 /* Sources */,
				49AB606A23696C4D00D48F37 /* Frameworks */,
				49AB606B23696C4D00D48F37 /* Resources */,
			);
			buildRules = (
			);
			dependencies = (
				49AB606F23696C4D00D48F37 /* PBXTargetDependency */,
			);
			name = ConstraintLayoutTests;
			productName = ConstraintLayoutTests;
			productReference = 49AB606D23696C4D00D48F37 /* ConstraintLayoutTests.xctest */;
			productType = "com.apple.product-type.bundle.unit-test";
		};
		49AB607723696C4D00D48F37 /* ConstraintLayoutUITests */ = {
			isa = PBXNativeTarget;
			buildConfigurationList = 49AB608723696C4D00D48F37 /* Build configuration list for PBXNativeTarget "ConstraintLayoutUITests" */;
			buildPhases = (
				49AB607423696C4D00D48F37 /* Sources */,
				49AB607523696C4D00D48F37 /* Frameworks */,
				49AB607623696C4D00D48F37 /* Resources */,
			);
			buildRules = (
			);
			dependencies = (
				49AB607A23696C4D00D48F37 /* PBXTargetDependency */,
			);
			name = ConstraintLayoutUITests;
			productName = ConstraintLayoutUITests;
			productReference = 49AB607823696C4D00D48F37 /* ConstraintLayoutUITests.xctest */;
			productType = "com.apple.product-type.bundle.ui-testing";
		};
/* End PBXNativeTarget section */

/* Begin PBXProject section */
		49AB605123696C4B00D48F37 /* Project object */ = {
			isa = PBXProject;
			attributes = {
				LastSwiftUpdateCheck = 1030;
				LastUpgradeCheck = 1030;
				ORGANIZATIONNAME = jabeed;
				TargetAttributes = {
					49AB605823696C4B00D48F37 = {
						CreatedOnToolsVersion = 10.3;
					};
					49AB606C23696C4D00D48F37 = {
						CreatedOnToolsVersion = 10.3;
						TestTargetID = 49AB605823696C4B00D48F37;
					};
					49AB607723696C4D00D48F37 = {
						CreatedOnToolsVersion = 10.3;
						TestTargetID = 49AB605823696C4B00D48F37;
					};
				};
			};
			buildConfigurationList = 49AB605423696C4B00D48F37 /* Build configuration list for PBXProject "ConstraintLayout" */;
			compatibilityVersion = "Xcode 9.3";
			developmentRegion = en;
			hasScannedForEncodings = 0;
			knownRegions = (
				en,
				Base,
			);
			mainGroup = 49AB605023696C4B00D48F37;
			productRefGroup = 49AB605A23696C4B00D48F37 /* Products */;
			projectDirPath = "";
			projectRoot = "";
			targets = (
				49AB605823696C4B00D48F37 /* ConstraintLayout */,
				49AB606C23696C4D00D48F37 /* ConstraintLayoutTests */,
				49AB607723696C4D00D48F37 /* ConstraintLayoutUITests */,
			);
		};
/* End PBXProject section */

/* Begin PBXResourcesBuildPhase section */
		49AB605723696C4B00D48F37 /* Resources */ = {
			isa = PBXResourcesBuildPhase;
			buildActionMask = 2147483647;
			files = (
				49AB606723696C4D00D48F37 /* LaunchScreen.storyboard in Resources */,
				49AB606423696C4D00D48F37 /* Assets.xcassets in Resources */,
				49AB606223696C4B00D48F37 /* Main.storyboard in Resources */,
			);
			runOnlyForDeploymentPostprocessing = 0;
		};
		49AB606B23696C4D00D48F37 /* Resources */ = {
			isa = PBXResourcesBuildPhase;
			buildActionMask = 2147483647;
			files = (
			);
			runOnlyForDeploymentPostprocessing = 0;
		};
		49AB607623696C4D00D48F37 /* Resources */ = {
			isa = PBXResourcesBuildPhase;
			buildActionMask = 2147483647;
			files = (
			);
			runOnlyForDeploymentPostprocessing = 0;
		};
/* End PBXResourcesBuildPhase section */

/* Begin PBXSourcesBuildPhase section */
		49AB605523696C4B00D48F37 /* Sources */ = {
			isa = PBXSourcesBuildPhase;
			buildActionMask = 2147483647;
			files = (
				49AB605F23696C4B00D48F37 /* ViewController.swift in Sources */,
				49AB605D23696C4B00D48F37 /* AppDelegate.swift in Sources */,
			);
			runOnlyForDeploymentPostprocessing = 0;
		};
		49AB606923696C4D00D48F37 /* Sources */ = {
			isa = PBXSourcesBuildPhase;
			buildActionMask = 2147483647;
			files = (
				49AB607223696C4D00D48F37 /* ConstraintLayoutTests.swift in Sources */,
			);
			runOnlyForDeploymentPostprocessing = 0;
		};
		49AB607423696C4D00D48F37 /* Sources */ = {
			isa = PBXSourcesBuildPhase;
			buildActionMask = 2147483647;
			files = (
				49AB607D23696C4D00D48F37 /* ConstraintLayoutUITests.swift in Sources */,
			);
			runOnlyForDeploymentPostprocessing = 0;
		};
/* End PBXSourcesBuildPhase section */

/* Begin PBXTargetDependency section */
		49AB606F23696C4D00D48F37 /* PBXTargetDependency */ = {
			isa = PBXTargetDependency;
			target = 49AB605823696C4B00D48F37 /* ConstraintLayout */;
			targetProxy = 49AB606E23696C4D00D48F37 /* PBXContainerItemProxy */;
		};
		49AB607A23696C4D00D48F37 /* PBXTargetDependency */ = {
			isa = PBXTargetDependency;
			target = 49AB605823696C4B00D48F37 /* ConstraintLayout */;
			targetProxy = 49AB607923696C4D00D48F37 /* PBXContainerItemProxy */;
		};
/* End PBXTargetDependency section */

/* Begin PBXVariantGroup section */
		49AB606023696C4B00D48F37 /* Main.storyboard */ = {
			isa = PBXVariantGroup;
			children = (
				49AB606123696C4B00D48F37 /* Base */,
			);
			name = Main.storyboard;
			sourceTree = "<group>";
		};
		49AB606523696C4D00D48F37 /* LaunchScreen.storyboard */ = {
			isa = PBXVariantGroup;
			children = (
				49AB606623696C4D00D48F37 /* Base */,
			);
			name = LaunchScreen.storyboard;
			sourceTree = "<group>";
		};
/* End PBXVariantGroup section */

/* Begin XCBuildConfiguration section */
		49AB607F23696C4D00D48F37 /* Debug */ = {
			isa = XCBuildConfiguration;
			buildSettings = {
				ALWAYS_SEARCH_USER_PATHS = NO;
				CLANG_ANALYZER_NONNULL = YES;
				CLANG_ANALYZER_NUMBER_OBJECT_CONVERSION = YES_AGGRESSIVE;
				CLANG_CXX_LANGUAGE_STANDARD = "gnu++14";
				CLANG_CXX_LIBRARY = "libc++";
				CLANG_ENABLE_MODULES = YES;
				CLANG_ENABLE_OBJC_ARC = YES;
				CLANG_ENABLE_OBJC_WEAK = YES;
				CLANG_WARN_BLOCK_CAPTURE_AUTORELEASING = YES;
				CLANG_WARN_BOOL_CONVERSION = YES;
				CLANG_WARN_COMMA = YES;
				CLANG_WARN_CONSTANT_CONVERSION = YES;
				CLANG_WARN_DEPRECATED_OBJC_IMPLEMENTATIONS = YES;
				CLANG_WARN_DIRECT_OBJC_ISA_USAGE = YES_ERROR;
				CLANG_WARN_DOCUMENTATION_COMMENTS = YES;
				CLANG_WARN_EMPTY_BODY = YES;
				CLANG_WARN_ENUM_CONVERSION = YES;
				CLANG_WARN_INFINITE_RECURSION = YES;
				CLANG_WARN_INT_CONVERSION = YES;
				CLANG_WARN_NON_LITERAL_NULL_CONVERSION = YES;
				CLANG_WARN_OBJC_IMPLICIT_RETAIN_SELF = YES;
				CLANG_WARN_OBJC_LITERAL_CONVERSION = YES;
				CLANG_WARN_OBJC_ROOT_CLASS = YES_ERROR;
				CLANG_WARN_RANGE_LOOP_ANALYSIS = YES;
				CLANG_WARN_STRICT_PROTOTYPES = YES;
				CLANG_WARN_SUSPICIOUS_MOVE = YES;
				CLANG_WARN_UNGUARDED_AVAILABILITY = YES_AGGRESSIVE;
				CLANG_WARN_UNREACHABLE_CODE = YES;
				CLANG_WARN__DUPLICATE_METHOD_MATCH = YES;
				CODE_SIGN_IDENTITY = "iPhone Developer";
				COPY_PHASE_STRIP = NO;
				DEBUG_INFORMATION_FORMAT = dwarf;
				ENABLE_STRICT_OBJC_MSGSEND = YES;
				ENABLE_TESTABILITY = YES;
				GCC_C_LANGUAGE_STANDARD = gnu11;
				GCC_DYNAMIC_NO_PIC = NO;
				GCC_NO_COMMON_BLOCKS = YES;
				GCC_OPTIMIZATION_LEVEL = 0;
				GCC_PREPROCESSOR_DEFINITIONS = (
					"DEBUG=1",
					"$(inherited)",
				);
				GCC_WARN_64_TO_32_BIT_CONVERSION = YES;
				GCC_WARN_ABOUT_RETURN_TYPE = YES_ERROR;
				GCC_WARN_UNDECLARED_SELECTOR = YES;
				GCC_WARN_UNINITIALIZED_AUTOS = YES_AGGRESSIVE;
				GCC_WARN_UNUSED_FUNCTION = YES;
				GCC_WARN_UNUSED_VARIABLE = YES;
				IPHONEOS_DEPLOYMENT_TARGET = 12.4;
				MTL_ENABLE_DEBUG_INFO = INCLUDE_SOURCE;
				MTL_FAST_MATH = YES;
				ONLY_ACTIVE_ARCH = YES;
				SDKROOT = iphoneos;
				SWIFT_ACTIVE_COMPILATION_CONDITIONS = DEBUG;
				SWIFT_OPTIMIZATION_LEVEL = "-Onone";
			};
			name = Debug;
		};
		49AB608023696C4D00D48F37 /* Release */ = {
			isa = XCBuildConfiguration;
			buildSettings = {
				ALWAYS_SEARCH_USER_PATHS = NO;
				CLANG_ANALYZER_NONNULL = YES;
				CLANG_ANALYZER_NUMBER_OBJECT_CONVERSION = YES_AGGRESSIVE;
				CLANG_CXX_LANGUAGE_STANDARD = "gnu++14";
				CLANG_CXX_LIBRARY = "libc++";
				CLANG_ENABLE_MODULES = YES;
				CLANG_ENABLE_OBJC_ARC = YES;
				CLANG_ENABLE_OBJC_WEAK = YES;
				CLANG_WARN_BLOCK_CAPTURE_AUTORELEASING = YES;
				CLANG_WARN_BOOL_CONVERSION = YES;
				CLANG_WARN_COMMA = YES;
				CLANG_WARN_CONSTANT_CONVERSION = YES;
				CLANG_WARN_DEPRECATED_OBJC_IMPLEMENTATIONS = YES;
				CLANG_WARN_DIRECT_OBJC_ISA_USAGE = YES_ERROR;
				CLANG_WARN_DOCUMENTATION_COMMENTS = YES;
				CLANG_WARN_EMPTY_BODY = YES;
				CLANG_WARN_ENUM_CONVERSION = YES;
				CLANG_WARN_INFINITE_RECURSION = YES;
				CLANG_WARN_INT_CONVERSION = YES;
				CLANG_WARN_NON_LITERAL_NULL_CONVERSION = YES;
				CLANG_WARN_OBJC_IMPLICIT_RETAIN_SELF = YES;
				CLANG_WARN_OBJC_LITERAL_CONVERSION = YES;
				CLANG_WARN_OBJC_ROOT_CLASS = YES_ERROR;
				CLANG_WARN_RANGE_LOOP_ANALYSIS = YES;
				CLANG_WARN_STRICT_PROTOTYPES = YES;
				CLANG_WARN_SUSPICIOUS_MOVE = YES;
				CLANG_WARN_UNGUARDED_AVAILABILITY = YES_AGGRESSIVE;
				CLANG_WARN_UNREACHABLE_CODE = YES;
				CLANG_WARN__DUPLICATE_METHOD_MATCH = YES;
				CODE_SIGN_IDENTITY = "iPhone Developer";
				COPY_PHASE_STRIP = NO;
				DEBUG_INFORMATION_FORMAT = "dwarf-with-dsym";
				ENABLE_NS_ASSERTIONS = NO;
				ENABLE_STRICT_OBJC_MSGSEND = YES;
				GCC_C_LANGUAGE_STANDARD = gnu11;
				GCC_NO_COMMON_BLOCKS = YES;
				GCC_WARN_64_TO_32_BIT_CONVERSION = YES;
				GCC_WARN_ABOUT_RETURN_TYPE = YES_ERROR;
				GCC_WARN_UNDECLARED_SELECTOR = YES;
				GCC_WARN_UNINITIALIZED_AUTOS = YES_AGGRESSIVE;
				GCC_WARN_UNUSED_FUNCTION = YES;
				GCC_WARN_UNUSED_VARIABLE = YES;
				IPHONEOS_DEPLOYMENT_TARGET = 12.4;
				MTL_ENABLE_DEBUG_INFO = NO;
				MTL_FAST_MATH = YES;
				SDKROOT = iphoneos;
				SWIFT_COMPILATION_MODE = wholemodule;
				SWIFT_OPTIMIZATION_LEVEL = "-O";
				VALIDATE_PRODUCT = YES;
			};
			name = Release;
		};
		49AB608223696C4D00D48F37 /* Debug */ = {
			isa = XCBuildConfiguration;
			buildSettings = {
				ASSETCATALOG_COMPILER_APPICON_NAME = AppIcon;
				CODE_SIGN_STYLE = Automatic;
				INFOPLIST_FILE = ConstraintLayout/Info.plist;
				LD_RUNPATH_SEARCH_PATHS = (
					"$(inherited)",
					"@executable_path/Frameworks",
				);
				PRODUCT_BUNDLE_IDENTIFIER = "com.papa.-.ConstraintLayout";
				PRODUCT_NAME = "$(TARGET_NAME)";
				SWIFT_VERSION = 5.0;
				TARGETED_DEVICE_FAMILY = "1,2";
			};
			name = Debug;
		};
		49AB608323696C4D00D48F37 /* Release */ = {
			isa = XCBuildConfiguration;
			buildSettings = {
				ASSETCATALOG_COMPILER_APPICON_NAME = AppIcon;
				CODE_SIGN_STYLE = Automatic;
				INFOPLIST_FILE = ConstraintLayout/Info.plist;
				LD_RUNPATH_SEARCH_PATHS = (
					"$(inherited)",
					"@executable_path/Frameworks",
				);
				PRODUCT_BUNDLE_IDENTIFIER = "com.papa.-.ConstraintLayout";
				PRODUCT_NAME = "$(TARGET_NAME)";
				SWIFT_VERSION = 5.0;
				TARGETED_DEVICE_FAMILY = "1,2";
			};
			name = Release;
		};
		49AB608523696C4D00D48F37 /* Debug */ = {
			isa = XCBuildConfiguration;
			buildSettings = {
				ALWAYS_EMBED_SWIFT_STANDARD_LIBRARIES = YES;
				BUNDLE_LOADER = "$(TEST_HOST)";
				CODE_SIGN_STYLE = Automatic;
				INFOPLIST_FILE = ConstraintLayoutTests/Info.plist;
				LD_RUNPATH_SEARCH_PATHS = (
					"$(inherited)",
					"@executable_path/Frameworks",
					"@loader_path/Frameworks",
				);
				PRODUCT_BUNDLE_IDENTIFIER = "com.papa.-.ConstraintLayoutTests";
				PRODUCT_NAME = "$(TARGET_NAME)";
				SWIFT_VERSION = 5.0;
				TARGETED_DEVICE_FAMILY = "1,2";
				TEST_HOST = "$(BUILT_PRODUCTS_DIR)/ConstraintLayout.app/ConstraintLayout";
			};
			name = Debug;
		};
		49AB608623696C4D00D48F37 /* Release */ = {
			isa = XCBuildConfiguration;
			buildSettings = {
				ALWAYS_EMBED_SWIFT_STANDARD_LIBRARIES = YES;
				BUNDLE_LOADER = "$(TEST_HOST)";
				CODE_SIGN_STYLE = Automatic;
				INFOPLIST_FILE = ConstraintLayoutTests/Info.plist;
				LD_RUNPATH_SEARCH_PATHS = (
					"$(inherited)",
					"@executable_path/Frameworks",
					"@loader_path/Frameworks",
				);
				PRODUCT_BUNDLE_IDENTIFIER = "com.papa.-.ConstraintLayoutTests";
				PRODUCT_NAME = "$(TARGET_NAME)";
				SWIFT_VERSION = 5.0;
				TARGETED_DEVICE_FAMILY = "1,2";
				TEST_HOST = "$(BUILT_PRODUCTS_DIR)/ConstraintLayout.app/ConstraintLayout";
			};
			name = Release;
		};
		49AB608823696C4D00D48F37 /* Debug */ = {
			isa = XCBuildConfiguration;
			buildSettings = {
				ALWAYS_EMBED_SWIFT_STANDARD_LIBRARIES = YES;
				CODE_SIGN_STYLE = Automatic;
				INFOPLIST_FILE = ConstraintLayoutUITests/Info.plist;
				LD_RUNPATH_SEARCH_PATHS = (
					"$(inherited)",
					"@executable_path/Frameworks",
					"@loader_path/Frameworks",
				);
				PRODUCT_BUNDLE_IDENTIFIER = "com.papa.-.ConstraintLayoutUITests";
				PRODUCT_NAME = "$(TARGET_NAME)";
				SWIFT_VERSION = 5.0;
				TARGETED_DEVICE_FAMILY = "1,2";
				TEST_TARGET_NAME = ConstraintLayout;
			};
			name = Debug;
		};
		49AB608923696C4D00D48F37 /* Release */ = {
			isa = XCBuildConfiguration;
			buildSettings = {
				ALWAYS_EMBED_SWIFT_STANDARD_LIBRARIES = YES;
				CODE_SIGN_STYLE = Automatic;
				INFOPLIST_FILE = ConstraintLayoutUITests/Info.plist;
				LD_RUNPATH_SEARCH_PATHS = (
					"$(inherited)",
					"@executable_path/Frameworks",
					"@loader_path/Frameworks",
				);
				PRODUCT_BUNDLE_IDENTIFIER = "com.papa.-.ConstraintLayoutUITests";
				PRODUCT_NAME = "$(TARGET_NAME)";
				SWIFT_VERSION = 5.0;
				TARGETED_DEVICE_FAMILY = "1,2";
				TEST_TARGET_NAME = ConstraintLayout;
			};
			name = Release;
		};
/* End XCBuildConfiguration section */

/* Begin XCConfigurationList section */
		49AB605423696C4B00D48F37 /* Build configuration list for PBXProject "ConstraintLayout" */ = {
			isa = XCConfigurationList;
			buildConfigurations = (
				49AB607F23696C4D00D48F37 /* Debug */,
				49AB608023696C4D00D48F37 /* Release */,
			);
			defaultConfigurationIsVisible = 0;
			defaultConfigurationName = Release;
		};
		49AB608123696C4D00D48F37 /* Build configuration list for PBXNativeTarget "ConstraintLayout" */ = {
			isa = XCConfigurationList;
			buildConfigurations = (
				49AB608223696C4D00D48F37 /* Debug */,
				49AB608323696C4D00D48F37 /* Release */,
			);
			defaultConfigurationIsVisible = 0;
			defaultConfigurationName = Release;
		};
		49AB608423696C4D00D48F37 /* Build configuration list for PBXNativeTarget "ConstraintLayoutTests" */ = {
			isa = XCConfigurationList;
			buildConfigurations = (
				49AB608523696C4D00D48F37 /* Debug */,
				49AB608623696C4D00D48F37 /* Release */,
			);
			defaultConfigurationIsVisible = 0;
			defaultConfigurationName = Release;
		};
		49AB608723696C4D00D48F37 /* Build configuration list for PBXNativeTarget "ConstraintLayoutUITests" */ = {
			isa = XCConfigurationList;
			buildConfigurations = (
				49AB608823696C4D00D48F37 /* Debug */,
				49AB608923696C4D00D48F37 /* Release */,
			);
			defaultConfigurationIsVisible = 0;
			defaultConfigurationName = Release;
		};
/* End XCConfigurationList section */
	};
	rootObject = 49AB605123696C4B00D48F37 /* Project object */;
}
